Microsoft Visual Studio Solution File, Format Version 12.00
# Visual Studio Version 17
VisualStudioVersion = 17.5.2.0
MinimumVisualStudioVersion = 10.0.40219.1
Project("{FAE04EC0-301F-11D3-BF4B-00C04F79EFBC}") = "MeuMVP", "MeuMVP.csproj", "{6CF1C890-653C-1E4B-618D-B0D41593EA47}"
EndProject
Global
	GlobalSection(SolutionConfigurationPlatforms) = preSolution
		Debug|Any CPU = Debug|Any CPU
		Release|Any CPU = Release|Any CPU
	EndGlobalSection
	GlobalSection(ProjectConfigurationPlatforms) = postSolution
		{6CF1C890-653C-1E4B-618D-B0D41593EA47}.Debug|Any CPU.ActiveCfg = Debug|Any CPU
		{6CF1C890-653C-1E4B-618D-B0D41593EA47}.Debug|Any CPU.Build.0 = Debug|Any CPU
		{6CF1C890-653C-1E4B-618D-B0D41593EA47}.Release|Any CPU.ActiveCfg = Release|Any CPU
		{6CF1C890-653C-1E4B-618D-B0D41593EA47}.Release|Any CPU.Build.0 = Release|Any CPU
	EndGlobalSection
	GlobalSection(SolutionProperties) = preSolution
		HideSolutionNode = FALSE
	EndGlobalSection
	GlobalSection(ExtensibilityGlobals) = postSolution
		SolutionGuid = {A483DDEF-FCF8-4E90-9F7D-A6D79E959998}
	EndGlobalSection
EndGlobal
